
Microsoft Visual Studio Solution File, Format Version 12.00
# Visual Studio Version 16
VisualStudioVersion = 16.0.32126.315
MinimumVisualStudioVersion = 10.0.40219.1
Project("{8BC9CEB8-8B4A-11D0-8D11-00A0C91BC942}") = "Giera", "Giera\Giera.vcxproj", "{48C660E7-D2A1-4739-BF51-E6906D8D9823}"
EndProject
Project("{8BC9CEB8-8B4A-11D0-8D11-00A0C91BC942}") = "UnitTests", "UnitTests\UnitTests.vcxproj", "{4AA690FD-AD00-46FF-B547-7F58CABDD51B}"
EndProject
Global
	GlobalSection(SolutionConfigurationPlatforms) = preSolution
		Debug|x64 = Debug|x64
		Debug|x86 = Debug|x86
		Release|x64 = Release|x64
		Release|x86 = Release|x86
	EndGlobalSection
	GlobalSection(ProjectConfigurationPlatforms) = postSolution
		{48C660E7-D2A1-4739-BF51-E6906D8D9823}.Debug|x64.ActiveCfg = Debug|x64
		{48C660E7-D2A1-4739-BF51-E6906D8D9823}.Debug|x64.Build.0 = Debug|x64
		{48C660E7-D2A1-4739-BF51-E6906D8D9823}.Debug|x86.ActiveCfg = Debug|Win32
		{48C660E7-D2A1-4739-BF51-E6906D8D9823}.Debug|x86.Build.0 = Debug|Win32
		{48C660E7-D2A1-4739-BF51-E6906D8D9823}.Release|x64.ActiveCfg = Release|x64
		{48C660E7-D2A1-4739-BF51-E6906D8D9823}.Release|x64.Build.0 = Release|x64
		{48C660E7-D2A1-4739-BF51-E6906D8D9823}.Release|x86.ActiveCfg = Release|Win32
		{48C660E7-D2A1-4739-BF51-E6906D8D9823}.Release|x86.Build.0 = Release|Win32
		{4AA690FD-AD00-46FF-B547-7F58CABDD51B}.Debug|x64.ActiveCfg = Debug|x64
		{4AA690FD-AD00-46FF-B547-7F58CABDD51B}.Debug|x64.Build.0 = Debug|x64
		{4AA690FD-AD00-46FF-B547-7F58CABDD51B}.Debug|x86.ActiveCfg = Debug|Win32
		{4AA690FD-AD00-46FF-B547-7F58CABDD51B}.Debug|x86.Build.0 = Debug|Win32
		{4AA690FD-AD00-46FF-B547-7F58CABDD51B}.Release|x64.ActiveCfg = Release|x64
		{4AA690FD-AD00-46FF-B547-7F58CABDD51B}.Release|x64.Build.0 = Release|x64
		{4AA690FD-AD00-46FF-B547-7F58CABDD51B}.Release|x86.ActiveCfg = Release|Win32
		{4AA690FD-AD00-46FF-B547-7F58CABDD51B}.Release|x86.Build.0 = Release|Win32
	EndGlobalSection
	GlobalSection(SolutionProperties) = preSolution
		HideSolutionNode = FALSE
	EndGlobalSection
	GlobalSection(ExtensibilityGlobals) = postSolution
		SolutionGuid = {7038B9FF-DA20-4A6E-BCDC-D8B12E64E637}
	EndGlobalSection
EndGlobal
