<?xml version="1.0" encoding="utf-8"?>
<Project ToolsVersion="4.0" xmlns="http://schemas.microsoft.com/developer/msbuild/2003">
  <ItemGroup>
    <Filter Include="Source Files">
      <UniqueIdentifier>{4FC737F1-C7A5-4376-A066-2A32D752A2FF}</UniqueIdentifier>
      <Extensions>cpp;c;cc;cxx;c++;cppm;ixx;def;odl;idl;hpj;bat;asm;asmx</Extensions>
    </Filter>
    <Filter Include="Header Files">
      <UniqueIdentifier>{93995380-89BD-4b04-88EB-625FBE52EBFB}</UniqueIdentifier>
      <Extensions>h;hh;hpp;hxx;h++;hm;inl;inc;ipp;xsd</Extensions>
    </Filter>
    <Filter Include="Resource Files">
      <UniqueIdentifier>{67DA6AB6-F800-4c08-8B7A-83BB121AAD01}</UniqueIdentifier>
      <Extensions>rc;ico;cur;bmp;dlg;rc2;rct;bin;rgs;gif;jpg;jpeg;jpe;resx;tiff;tif;png;wav;mfcribbon-ms</Extensions>
    </Filter>
    <Filter Include="Header Files\Utility">
      <UniqueIdentifier>{ea9fee92-cd8e-45fc-831f-1e8083312ea2}</UniqueIdentifier>
    </Filter>
    <Filter Include="Header Files\Utility\Geometry">
      <UniqueIdentifier>{222079ed-268f-40b7-977d-6b125dc7cb55}</UniqueIdentifier>
    </Filter>
    <Filter Include="Source Files\Utility">
      <UniqueIdentifier>{153651e9-5a1d-4b87-9a62-eef1c335a9df}</UniqueIdentifier>
    </Filter>
    <Filter Include="Source Files\Utility\Geometry">
      <UniqueIdentifier>{94de23bc-b61d-4437-9acb-68554256b992}</UniqueIdentifier>
    </Filter>
    <Filter Include="Header Files\Utility\Time">
      <UniqueIdentifier>{344be7c2-6ea6-453b-bfb4-168aa7f45fb6}</UniqueIdentifier>
    </Filter>
    <Filter Include="Source Files\Utility\Time">
      <UniqueIdentifier>{da453829-dd1c-47cf-9564-68fcd74eb48c}</UniqueIdentifier>
    </Filter>
    <Filter Include="Header Files\GameLogic">
      <UniqueIdentifier>{ddc6c36d-a7e9-42c4-8f89-92016c4d49fa}</UniqueIdentifier>
    </Filter>
    <Filter Include="Header Files\GameLogic\Map">
      <UniqueIdentifier>{3e21ead6-7438-466e-9eb5-07651a8774a5}</UniqueIdentifier>
    </Filter>
    <Filter Include="Source Files\GameLogic">
      <UniqueIdentifier>{d1865de5-a20f-4452-bf20-c7af95ca3240}</UniqueIdentifier>
    </Filter>
    <Filter Include="Source Files\GameLogic\Map">
      <UniqueIdentifier>{b8b87ce5-e3b3-4f71-a6db-69749f815786}</UniqueIdentifier>
    </Filter>
  </ItemGroup>
  <ItemGroup>
    <ClCompile Include="Rectangle.cpp">
      <Filter>Source Files\Utility\Geometry</Filter>
    </ClCompile>
    <ClCompile Include="01_hello_SDL.cpp">
      <Filter>Source Files</Filter>
    </ClCompile>
    <ClCompile Include="Position.cpp">
      <Filter>Source Files\Utility</Filter>
    </ClCompile>
    <ClCompile Include="LineSegment.cpp">
      <Filter>Source Files\Utility\Geometry</Filter>
    </ClCompile>
    <ClCompile Include="AbstractTimer.cpp">
      <Filter>Source Files\Utility\Time</Filter>
    </ClCompile>
    <ClCompile Include="GeneralTimer.cpp">
      <Filter>Source Files\Utility\Time</Filter>
    </ClCompile>
    <ClCompile Include="SubTimer.cpp">
      <Filter>Source Files\Utility\Time</Filter>
    </ClCompile>
    <ClCompile Include="Time.cpp">
      <Filter>Source Files\Utility\Time</Filter>
    </ClCompile>
    <ClCompile Include="ValuesRange.cpp">
      <Filter>Source Files\Utility</Filter>
    </ClCompile>
    <ClCompile Include="Logger.cpp">
      <Filter>Source Files\Utility</Filter>
    </ClCompile>
    <ClCompile Include="MapTile.cpp">
      <Filter>Source Files\GameLogic\Map</Filter>
    </ClCompile>
    <ClCompile Include="Map.cpp">
      <Filter>Source Files\GameLogic\Map</Filter>
    </ClCompile>
    <ClCompile Include="AbstractMapGenerator.cpp">
      <Filter>Source Files\GameLogic\Map</Filter>
    </ClCompile>
  </ItemGroup>
  <ItemGroup>
    <ClInclude Include="ValuesRange.h">
      <Filter>Header Files\Utility</Filter>
    </ClInclude>
    <ClInclude Include="AbstractTimer.h">
      <Filter>Header Files\Utility\Time</Filter>
    </ClInclude>
    <ClInclude Include="GeneralTimer.h">
      <Filter>Header Files\Utility\Time</Filter>
    </ClInclude>
    <ClInclude Include="SubTimer.h">
      <Filter>Header Files\Utility\Time</Filter>
    </ClInclude>
    <ClInclude Include="Time.h">
      <Filter>Header Files\Utility\Time</Filter>
    </ClInclude>
    <ClInclude Include="Position.h">
      <Filter>Header Files\Utility</Filter>
    </ClInclude>
    <ClInclude Include="Logger.h">
      <Filter>Header Files\Utility</Filter>
    </ClInclude>
    <ClInclude Include="MapTile.h">
      <Filter>Header Files\GameLogic\Map</Filter>
    </ClInclude>
    <ClInclude Include="MapTileEnums.h">
      <Filter>Header Files\GameLogic\Map</Filter>
    </ClInclude>
    <ClInclude Include="Rectangle.h">
      <Filter>Header Files\Utility\Geometry</Filter>
    </ClInclude>
    <ClInclude Include="Geometry.h">
      <Filter>Header Files\Utility\Geometry</Filter>
    </ClInclude>
    <ClInclude Include="LineSegment.h">
      <Filter>Header Files\Utility\Geometry</Filter>
    </ClInclude>
    <ClInclude Include="AbstractGeometryFigure.h">
      <Filter>Header Files\Utility\Geometry</Filter>
    </ClInclude>
    <ClInclude Include="Rotation.h">
      <Filter>Header Files\Utility\Geometry</Filter>
    </ClInclude>
    <ClInclude Include="Map.h">
      <Filter>Header Files\GameLogic\Map</Filter>
    </ClInclude>
    <ClInclude Include="MapTypes.h">
      <Filter>Header Files\GameLogic\Map</Filter>
    </ClInclude>
    <ClInclude Include="LandscapeTypes.h">
      <Filter>Header Files\GameLogic\Map</Filter>
    </ClInclude>
    <ClInclude Include="AbstractMapGenerator.h">
      <Filter>Header Files\GameLogic\Map</Filter>
    </ClInclude>
  </ItemGroup>
</Project>