<?xml version="1.0" encoding="utf-8"?>
<Project ToolsVersion="4.0" xmlns="http://schemas.microsoft.com/developer/msbuild/2003">
  <ItemGroup>
    <Filter Include="Source Files">
      <UniqueIdentifier>{4FC737F1-C7A5-4376-A066-2A32D752A2FF}</UniqueIdentifier>
      <Extensions>cpp;c;cc;cxx;c++;cppm;ixx;def;odl;idl;hpj;bat;asm;asmx</Extensions>
    </Filter>
    <Filter Include="Header Files">
      <UniqueIdentifier>{93995380-89BD-4b04-88EB-625FBE52EBFB}</UniqueIdentifier>
      <Extensions>h;hh;hpp;hxx;h++;hm;inl;inc;ipp;xsd</Extensions>
    </Filter>
    <Filter Include="Header Files\Utility">
      <UniqueIdentifier>{ea9fee92-cd8e-45fc-831f-1e8083312ea2}</UniqueIdentifier>
    </Filter>
    <Filter Include="Header Files\Utility\Geometry">
      <UniqueIdentifier>{222079ed-268f-40b7-977d-6b125dc7cb55}</UniqueIdentifier>
    </Filter>
    <Filter Include="Source Files\Utility">
      <UniqueIdentifier>{153651e9-5a1d-4b87-9a62-eef1c335a9df}</UniqueIdentifier>
    </Filter>
    <Filter Include="Source Files\Utility\Geometry">
      <UniqueIdentifier>{94de23bc-b61d-4437-9acb-68554256b992}</UniqueIdentifier>
    </Filter>
    <Filter Include="Header Files\Utility\Time">
      <UniqueIdentifier>{344be7c2-6ea6-453b-bfb4-168aa7f45fb6}</UniqueIdentifier>
    </Filter>
    <Filter Include="Source Files\Utility\Time">
      <UniqueIdentifier>{da453829-dd1c-47cf-9564-68fcd74eb48c}</UniqueIdentifier>
    </Filter>
    <Filter Include="Header Files\GameLogic">
      <UniqueIdentifier>{ddc6c36d-a7e9-42c4-8f89-92016c4d49fa}</UniqueIdentifier>
    </Filter>
    <Filter Include="Header Files\GameLogic\Map">
      <UniqueIdentifier>{3e21ead6-7438-466e-9eb5-07651a8774a5}</UniqueIdentifier>
    </Filter>
    <Filter Include="Source Files\GameLogic">
      <UniqueIdentifier>{d1865de5-a20f-4452-bf20-c7af95ca3240}</UniqueIdentifier>
    </Filter>
    <Filter Include="Source Files\GameLogic\Map">
      <UniqueIdentifier>{b8b87ce5-e3b3-4f71-a6db-69749f815786}</UniqueIdentifier>
    </Filter>
    <Filter Include="Header Files\Utility\FileHandler">
      <UniqueIdentifier>{7717d4cd-53cb-46cc-984c-db26e1b35259}</UniqueIdentifier>
    </Filter>
    <Filter Include="Source Files\Utility\FileHandler">
      <UniqueIdentifier>{34fcc2fc-4c7f-4e25-aa9b-e0c895ff8d5c}</UniqueIdentifier>
    </Filter>
    <Filter Include="Header Files\GameLogic\Map\Generators">
      <UniqueIdentifier>{3e73ce19-ad11-4847-9196-11401ccc92f3}</UniqueIdentifier>
    </Filter>
    <Filter Include="Source Files\GameLogic\Map\Generators">
      <UniqueIdentifier>{93eb4837-6211-403a-aaef-1e9b125df1e5}</UniqueIdentifier>
    </Filter>
    <Filter Include="Header Files\GameLogic\Map\MapElements">
      <UniqueIdentifier>{5afcf085-c400-4a60-b463-c77b81a10828}</UniqueIdentifier>
    </Filter>
    <Filter Include="Source Files\GameLogic\Map\MapElements">
      <UniqueIdentifier>{40d2ec31-e875-405f-9577-5c214ae9e92a}</UniqueIdentifier>
    </Filter>
    <Filter Include="Header Files\GameLogic\Damage &amp; Effects">
      <UniqueIdentifier>{ff4237e3-bae5-46c2-95b8-eb3184aec4ed}</UniqueIdentifier>
    </Filter>
    <Filter Include="Source Files\GameLogic\Damage &amp; Effects">
      <UniqueIdentifier>{9e774bb6-e82c-4aa9-adb6-f68a9596e4a2}</UniqueIdentifier>
    </Filter>
    <Filter Include="Header Files\GameLogic\NPC">
      <UniqueIdentifier>{1e9c47af-e93b-4931-9c59-087e85b7f931}</UniqueIdentifier>
    </Filter>
    <Filter Include="Source Files\GameLogic\NPC">
      <UniqueIdentifier>{75173c39-0fe0-4c32-b867-4025a418ade5}</UniqueIdentifier>
    </Filter>
    <Filter Include="Header Files\GameLogic\Damage &amp; Effects\Effects">
      <UniqueIdentifier>{729f2746-7050-4cde-937e-6d63d419c784}</UniqueIdentifier>
    </Filter>
    <Filter Include="Source Files\GameLogic\Damage &amp; Effects\Effects">
      <UniqueIdentifier>{b77595c8-6423-42f8-bc15-575842f0448c}</UniqueIdentifier>
    </Filter>
    <Filter Include="Source Files\GameLogic\Damage &amp; Effects\Damage">
      <UniqueIdentifier>{bd7a8c82-c981-48d6-bef4-bad4bf7ba2e5}</UniqueIdentifier>
    </Filter>
    <Filter Include="Header Files\GameLogic\Damage &amp; Effects\Damage">
      <UniqueIdentifier>{08e8ba03-383f-4954-b00f-03d8b2011825}</UniqueIdentifier>
    </Filter>
    <Filter Include="Header Files\GameLogic\Items">
      <UniqueIdentifier>{5f1dac92-1dad-4fa1-9b12-64b39159cb97}</UniqueIdentifier>
    </Filter>
    <Filter Include="Source Files\GameLogic\Items">
      <UniqueIdentifier>{ae26101e-21a3-42b4-89a1-13c0fc7cd8f2}</UniqueIdentifier>
    </Filter>
    <Filter Include="Source Files\GameLogic\Items\BaseItems">
      <UniqueIdentifier>{a8bc5534-4a5b-44c2-a280-a4cec2a029da}</UniqueIdentifier>
    </Filter>
    <Filter Include="Header Files\GameLogic\Items\BaseItems">
      <UniqueIdentifier>{ade51aeb-426c-4dc0-a784-79f67c418917}</UniqueIdentifier>
    </Filter>
    <Filter Include="Header Files\GameLogic\Items\NormalItems">
      <UniqueIdentifier>{56e77bb9-c668-4a49-a9f5-4a90cd3be562}</UniqueIdentifier>
    </Filter>
    <Filter Include="Source Files\GameLogic\Items\NormalItems">
      <UniqueIdentifier>{c1a675e8-dbaf-4c54-ae79-567ee72a75f4}</UniqueIdentifier>
    </Filter>
    <Filter Include="Source Files\GameLogic\Spells">
      <UniqueIdentifier>{deac8104-9ba4-4262-9882-5c056ed62c40}</UniqueIdentifier>
    </Filter>
    <Filter Include="Header Files\GameLogic\Spells">
      <UniqueIdentifier>{ba4b4695-8b11-4ed7-aa82-ae5ca4537e95}</UniqueIdentifier>
    </Filter>
    <Filter Include="Header Files\GameLogic\Spells\Modifiers">
      <UniqueIdentifier>{f1031051-278e-4870-b3dc-82f6be032d91}</UniqueIdentifier>
    </Filter>
    <Filter Include="Source Files\GameLogic\Spells\Modifiers">
      <UniqueIdentifier>{c56a5a05-aa44-4739-adba-4fd886ab807a}</UniqueIdentifier>
    </Filter>
    <Filter Include="Header Files\GameLogic\Board">
      <UniqueIdentifier>{dcf1ed7a-48ba-45d8-9235-ffaa16dd9517}</UniqueIdentifier>
    </Filter>
    <Filter Include="Source Files\GameLogic\Board">
      <UniqueIdentifier>{ff4e36fa-1392-4539-b493-2fbc506c7ccc}</UniqueIdentifier>
    </Filter>
    <Filter Include="Header Files\Graphics">
      <UniqueIdentifier>{555b1220-16e6-4760-ae0b-08b04f40aef1}</UniqueIdentifier>
    </Filter>
    <Filter Include="Source Files\Graphics">
      <UniqueIdentifier>{ee38d7a2-99dc-454b-a819-6216c8124c81}</UniqueIdentifier>
    </Filter>
    <Filter Include="Header Files\GameControl">
      <UniqueIdentifier>{741c74e8-45c5-4180-a36d-3fd910338a72}</UniqueIdentifier>
    </Filter>
    <Filter Include="Source Files\GameControl">
      <UniqueIdentifier>{4e4dfa64-1087-48a3-ba60-8e02c28ad035}</UniqueIdentifier>
    </Filter>
    <Filter Include="Source Files\GameLogic\Projectiles">
      <UniqueIdentifier>{1adebadd-ab76-4a43-ae20-83f893a2260b}</UniqueIdentifier>
    </Filter>
    <Filter Include="Header Files\GameLogic\Projectiles">
      <UniqueIdentifier>{95502d17-b846-4b56-a2a0-b61088552f83}</UniqueIdentifier>
    </Filter>
    <Filter Include="Header Files\GameLogic\Hitboxes">
      <UniqueIdentifier>{5f076605-dcde-452b-bc80-479a2576fab8}</UniqueIdentifier>
    </Filter>
    <Filter Include="Source Files\GameLogic\Hitboxes">
      <UniqueIdentifier>{e5f7be99-20e0-4a0b-8764-a33bc480153a}</UniqueIdentifier>
    </Filter>
    <Filter Include="Header Files\Utility\FlightPath&amp;Modifiers">
      <UniqueIdentifier>{e2a19ece-b267-4e42-a7cd-f5820310aab0}</UniqueIdentifier>
    </Filter>
    <Filter Include="Source Files\Utility\FlightPath&amp;Modifiers">
      <UniqueIdentifier>{19ccfc70-d946-4072-83b5-02f25d49e35e}</UniqueIdentifier>
    </Filter>
    <Filter Include="Header Files\GameLogic\NPC\Equipment">
      <UniqueIdentifier>{3da18de4-ee77-4e31-a630-42f9f09f0b17}</UniqueIdentifier>
    </Filter>
    <Filter Include="Source Files\GameLogic\NPC\Equipment">
      <UniqueIdentifier>{d5879064-687e-4185-8237-dff25d45273d}</UniqueIdentifier>
    </Filter>
    <Filter Include="Header Files\GameLogic\NPC\Equipment\EqSlots">
      <UniqueIdentifier>{38d12d52-4a1f-49fb-9c0d-f4993f974010}</UniqueIdentifier>
    </Filter>
    <Filter Include="Source Files\GameLogic\NPC\Equipment\EqSlots">
      <UniqueIdentifier>{df85b53f-4d67-480a-ac02-f41d9ed0cabc}</UniqueIdentifier>
    </Filter>
    <Filter Include="Header Files\Graphics\UI">
      <UniqueIdentifier>{d20eb813-319e-40d8-9a83-a6615756dcbb}</UniqueIdentifier>
    </Filter>
    <Filter Include="Source Files\Graphics\UI">
      <UniqueIdentifier>{07523e50-9272-4831-ad01-155a34477ae5}</UniqueIdentifier>
    </Filter>
    <Filter Include="Resource Files">
      <UniqueIdentifier>{67DA6AB6-F800-4c08-8B7A-83BB121AAD01}</UniqueIdentifier>
      <Extensions>rc;ico;cur;bmp;dlg;rc2;rct;bin;rgs;gif;jpg;jpeg;jpe;resx;tiff;tif;png;wav;mfcribbon-ms</Extensions>
    </Filter>
    <Filter Include="Header Files\Graphics\UI\EqSlotUI">
      <UniqueIdentifier>{de893bc6-dec5-47e8-8643-1308c1d979fe}</UniqueIdentifier>
    </Filter>
    <Filter Include="Source Files\Graphics\UI\EqSlotUI">
      <UniqueIdentifier>{49cd6d03-be57-459f-a44a-4d7e6ff3b035}</UniqueIdentifier>
    </Filter>
  </ItemGroup>
  <ItemGroup>
    <ClCompile Include="Cuboid.cpp">
      <Filter>Source Files\Utility\Geometry</Filter>
    </ClCompile>
    <ClCompile Include="Position.cpp">
      <Filter>Source Files\Utility</Filter>
    </ClCompile>
    <ClCompile Include="LineSegment.cpp">
      <Filter>Source Files\Utility\Geometry</Filter>
    </ClCompile>
    <ClCompile Include="AbstractTimer.cpp">
      <Filter>Source Files\Utility\Time</Filter>
    </ClCompile>
    <ClCompile Include="GeneralTimer.cpp">
      <Filter>Source Files\Utility\Time</Filter>
    </ClCompile>
    <ClCompile Include="SubTimer.cpp">
      <Filter>Source Files\Utility\Time</Filter>
    </ClCompile>
    <ClCompile Include="Time.cpp">
      <Filter>Source Files\Utility\Time</Filter>
    </ClCompile>
    <ClCompile Include="ValuesRange.cpp">
      <Filter>Source Files\Utility</Filter>
    </ClCompile>
    <ClCompile Include="MapTile.cpp">
      <Filter>Source Files\GameLogic\Map</Filter>
    </ClCompile>
    <ClCompile Include="Map.cpp">
      <Filter>Source Files\GameLogic\Map</Filter>
    </ClCompile>
    <ClCompile Include="Coordinates.cpp">
      <Filter>Source Files\GameLogic\Map</Filter>
    </ClCompile>
    <ClCompile Include="Calculator.cpp">
      <Filter>Source Files\Utility</Filter>
    </ClCompile>
    <ClCompile Include="FileHandler.cpp">
      <Filter>Source Files\Utility\FileHandler</Filter>
    </ClCompile>
    <ClCompile Include="AbstractMapGenerator.cpp">
      <Filter>Source Files\GameLogic\Map\Generators</Filter>
    </ClCompile>
    <ClCompile Include="GrasslandsGenerator.cpp">
      <Filter>Source Files\GameLogic\Map\Generators</Filter>
    </ClCompile>
    <ClCompile Include="MapFileHandlerReading.cpp">
      <Filter>Source Files\GameLogic\Map</Filter>
    </ClCompile>
    <ClCompile Include="MapFileHandlerSaving.cpp">
      <Filter>Source Files\GameLogic\Map</Filter>
    </ClCompile>
    <ClCompile Include="AbstractMapElement.cpp">
      <Filter>Source Files\GameLogic\Map\MapElements</Filter>
    </ClCompile>
    <ClCompile Include="Foreground.cpp">
      <Filter>Source Files\GameLogic\Map\MapElements</Filter>
    </ClCompile>
    <ClCompile Include="Background.cpp">
      <Filter>Source Files\GameLogic\Map\MapElements</Filter>
    </ClCompile>
    <ClCompile Include="Terrain.cpp">
      <Filter>Source Files\GameLogic\Map\MapElements</Filter>
    </ClCompile>
    <ClCompile Include="Wall.cpp">
      <Filter>Source Files\GameLogic\Map\MapElements</Filter>
    </ClCompile>
    <ClCompile Include="MapElementsHandler.cpp">
      <Filter>Source Files\GameLogic\Map\MapElements</Filter>
    </ClCompile>
    <ClCompile Include="MapElementsFileHandler.cpp">
      <Filter>Source Files\GameLogic\Map\MapElements</Filter>
    </ClCompile>
    <ClCompile Include="AbstractNPC.cpp">
      <Filter>Source Files\GameLogic\NPC</Filter>
    </ClCompile>
    <ClCompile Include="AbstractEffect.cpp">
      <Filter>Source Files\GameLogic\Damage &amp; Effects\Effects</Filter>
    </ClCompile>
    <ClCompile Include="Damage.cpp">
      <Filter>Source Files\GameLogic\Damage &amp; Effects\Damage</Filter>
    </ClCompile>
    <ClCompile Include="Lifesteal.cpp">
      <Filter>Source Files\GameLogic\Damage &amp; Effects\Damage</Filter>
    </ClCompile>
    <ClCompile Include="DamageEffect.cpp">
      <Filter>Source Files\GameLogic\Damage &amp; Effects\Effects</Filter>
    </ClCompile>
    <ClCompile Include="StatChangingEffect.cpp">
      <Filter>Source Files\GameLogic\Damage &amp; Effects\Effects</Filter>
    </ClCompile>
    <ClCompile Include="ModifiersHandler.cpp">
      <Filter>Source Files\GameLogic\Items</Filter>
    </ClCompile>
    <ClCompile Include="AbstractBaseItem.cpp">
      <Filter>Source Files\GameLogic\Items\BaseItems</Filter>
    </ClCompile>
    <ClCompile Include="AbstractBaseGearItem.cpp">
      <Filter>Source Files\GameLogic\Items\BaseItems</Filter>
    </ClCompile>
    <ClCompile Include="AbstractBaseWeapon.cpp">
      <Filter>Source Files\GameLogic\Items\BaseItems</Filter>
    </ClCompile>
    <ClCompile Include="BaseMeleeWeapon.cpp">
      <Filter>Source Files\GameLogic\Items\BaseItems</Filter>
    </ClCompile>
    <ClCompile Include="BaseRangedWeapon.cpp">
      <Filter>Source Files\GameLogic\Items\BaseItems</Filter>
    </ClCompile>
    <ClCompile Include="BaseShield.cpp">
      <Filter>Source Files\GameLogic\Items\BaseItems</Filter>
    </ClCompile>
    <ClCompile Include="BaseArmor.cpp">
      <Filter>Source Files\GameLogic\Items\BaseItems</Filter>
    </ClCompile>
    <ClCompile Include="BaseFood.cpp">
      <Filter>Source Files\GameLogic\Items\BaseItems</Filter>
    </ClCompile>
    <ClCompile Include="BaseArrow.cpp">
      <Filter>Source Files\GameLogic\Items\BaseItems</Filter>
    </ClCompile>
    <ClCompile Include="BaseMisc.cpp">
      <Filter>Source Files\GameLogic\Items\BaseItems</Filter>
    </ClCompile>
    <ClCompile Include="BaseReadable.cpp">
      <Filter>Source Files\GameLogic\Items\BaseItems</Filter>
    </ClCompile>
    <ClCompile Include="Shield.cpp">
      <Filter>Source Files\GameLogic\Items\NormalItems</Filter>
    </ClCompile>
    <ClCompile Include="AbstractItem.cpp">
      <Filter>Source Files\GameLogic\Items\NormalItems</Filter>
    </ClCompile>
    <ClCompile Include="AbstractGearItem.cpp">
      <Filter>Source Files\GameLogic\Items\NormalItems</Filter>
    </ClCompile>
    <ClCompile Include="AbstractWeapon.cpp">
      <Filter>Source Files\GameLogic\Items\NormalItems</Filter>
    </ClCompile>
    <ClCompile Include="Armor.cpp">
      <Filter>Source Files\GameLogic\Items\NormalItems</Filter>
    </ClCompile>
    <ClCompile Include="Arrow.cpp">
      <Filter>Source Files\GameLogic\Items\NormalItems</Filter>
    </ClCompile>
    <ClCompile Include="Food.cpp">
      <Filter>Source Files\GameLogic\Items\NormalItems</Filter>
    </ClCompile>
    <ClCompile Include="MeleeWeapon.cpp">
      <Filter>Source Files\GameLogic\Items\NormalItems</Filter>
    </ClCompile>
    <ClCompile Include="Misc.cpp">
      <Filter>Source Files\GameLogic\Items\NormalItems</Filter>
    </ClCompile>
    <ClCompile Include="RangedWeapon.cpp">
      <Filter>Source Files\GameLogic\Items\NormalItems</Filter>
    </ClCompile>
    <ClCompile Include="Readable.cpp">
      <Filter>Source Files\GameLogic\Items\NormalItems</Filter>
    </ClCompile>
    <ClCompile Include="BaseItemFileHandler.cpp">
      <Filter>Source Files\GameLogic\Items\BaseItems</Filter>
    </ClCompile>
    <ClCompile Include="BaseItemHandler.cpp">
      <Filter>Source Files\GameLogic\Items\BaseItems</Filter>
    </ClCompile>
    <ClCompile Include="EffectsHandler.cpp">
      <Filter>Source Files\GameLogic\Damage &amp; Effects\Effects</Filter>
    </ClCompile>
    <ClCompile Include="EffectsFileHandler.cpp">
      <Filter>Source Files\GameLogic\Damage &amp; Effects\Effects</Filter>
    </ClCompile>
    <ClCompile Include="AbstractSpellModifier.cpp">
      <Filter>Source Files\GameLogic\Spells\Modifiers</Filter>
    </ClCompile>
    <ClCompile Include="ExplosionSpellModifer.cpp">
      <Filter>Source Files\GameLogic\Spells\Modifiers</Filter>
    </ClCompile>
    <ClCompile Include="AbstractSpell.cpp">
      <Filter>Source Files\GameLogic\Spells</Filter>
    </ClCompile>
    <ClCompile Include="ThrownSpell.cpp">
      <Filter>Source Files\GameLogic\Spells</Filter>
    </ClCompile>
    <ClCompile Include="PointSpell.cpp">
      <Filter>Source Files\GameLogic\Spells</Filter>
    </ClCompile>
    <ClCompile Include="SelfSpell.cpp">
      <Filter>Source Files\GameLogic\Spells</Filter>
    </ClCompile>
    <ClCompile Include="SpawningDetails.cpp">
      <Filter>Source Files\GameLogic\Items</Filter>
    </ClCompile>
    <ClCompile Include="ItemSpawner.cpp">
      <Filter>Source Files\GameLogic\Map</Filter>
    </ClCompile>
    <ClCompile Include="Board.cpp">
      <Filter>Source Files\GameLogic\Board</Filter>
    </ClCompile>
    <ClCompile Include="Texture.cpp">
      <Filter>Source Files\Graphics</Filter>
    </ClCompile>
    <ClCompile Include="TextureLoader.cpp">
      <Filter>Source Files\Graphics</Filter>
    </ClCompile>
    <ClCompile Include="Drawable.cpp">
      <Filter>Source Files\Graphics</Filter>
    </ClCompile>
    <ClCompile Include="BoardRenderer.cpp">
      <Filter>Source Files\Graphics</Filter>
    </ClCompile>
    <ClCompile Include="DrawableBoardEntity.cpp">
      <Filter>Source Files\Graphics</Filter>
    </ClCompile>
    <ClCompile Include="main.cpp">
      <Filter>Source Files</Filter>
    </ClCompile>
    <ClCompile Include="Window.cpp">
      <Filter>Source Files\Graphics</Filter>
    </ClCompile>
    <ClCompile Include="BoardLoop.cpp">
      <Filter>Source Files\GameControl</Filter>
    </ClCompile>
    <ClCompile Include="InputConfig.cpp">
      <Filter>Source Files\GameControl</Filter>
    </ClCompile>
    <ClCompile Include="NPCObserver.cpp">
      <Filter>Source Files\GameLogic\NPC</Filter>
    </ClCompile>
    <ClCompile Include="DrawableEntityObserver.cpp">
      <Filter>Source Files\Graphics</Filter>
    </ClCompile>
    <ClCompile Include="Player.cpp">
      <Filter>Source Files\GameLogic\NPC</Filter>
    </ClCompile>
    <ClCompile Include="Camera.cpp">
      <Filter>Source Files\Graphics</Filter>
    </ClCompile>
    <ClCompile Include="FlightPath.cpp">
      <Filter>Source Files\Utility\FlightPath&amp;Modifiers</Filter>
    </ClCompile>
    <ClCompile Include="AbstractProjectile.cpp">
      <Filter>Source Files\GameLogic\Projectiles</Filter>
    </ClCompile>
    <ClCompile Include="ArrowProjectile.cpp">
      <Filter>Source Files\GameLogic\Projectiles</Filter>
    </ClCompile>
    <ClCompile Include="SpellProjectile.cpp">
      <Filter>Source Files\GameLogic\Projectiles</Filter>
    </ClCompile>
    <ClCompile Include="ProjectilesEngine.cpp">
      <Filter>Source Files\GameLogic\Projectiles</Filter>
    </ClCompile>
    <ClCompile Include="Hitbox.cpp">
      <Filter>Source Files\GameLogic\Hitboxes</Filter>
    </ClCompile>
    <ClCompile Include="NPCHitbox.cpp">
      <Filter>Source Files\GameLogic\Hitboxes</Filter>
    </ClCompile>
    <ClCompile Include="HittableBoardEntity.cpp">
      <Filter>Source Files\GameLogic\Hitboxes</Filter>
    </ClCompile>
    <ClCompile Include="BoardTile.cpp">
      <Filter>Source Files\GameLogic\Board</Filter>
    </ClCompile>
    <ClCompile Include="Inventory.cpp">
      <Filter>Source Files\GameLogic\NPC\Equipment</Filter>
    </ClCompile>
    <ClCompile Include="SingleEqSlot.cpp">
      <Filter>Source Files\GameLogic\NPC\Equipment\EqSlots</Filter>
    </ClCompile>
    <ClCompile Include="AbstractEqSlot.cpp">
      <Filter>Source Files\GameLogic\NPC\Equipment\EqSlots</Filter>
    </ClCompile>
    <ClCompile Include="MultipleEqSlot.cpp">
      <Filter>Source Files\GameLogic\NPC\Equipment\EqSlots</Filter>
    </ClCompile>
    <ClCompile Include="QuiverEqSlot.cpp">
      <Filter>Source Files\GameLogic\NPC\Equipment\EqSlots</Filter>
    </ClCompile>
    <ClCompile Include="Dropslots.cpp">
      <Filter>Source Files\GameLogic\NPC\Equipment\EqSlots</Filter>
    </ClCompile>
    <ClCompile Include="UIElement.cpp">
      <Filter>Source Files\Graphics\UI</Filter>
    </ClCompile>
    <ClCompile Include="InventoryUI.cpp">
      <Filter>Source Files\Graphics\UI</Filter>
    </ClCompile>
    <ClCompile Include="Rect.cpp">
      <Filter>Source Files\Utility\Geometry</Filter>
    </ClCompile>
    <ClCompile Include="ButtonUI.cpp">
      <Filter>Source Files\Graphics\UI</Filter>
    </ClCompile>
    <ClCompile Include="InventoryButtonUI.cpp">
      <Filter>Source Files\Graphics\UI</Filter>
    </ClCompile>
    <ClCompile Include="InventoryInputHandler.cpp">
      <Filter>Source Files\GameControl</Filter>
    </ClCompile>
    <ClCompile Include="AbstractEqSlotUIElement.cpp">
      <Filter>Source Files\Graphics\UI\EqSlotUI</Filter>
    </ClCompile>
    <ClCompile Include="SingleEqSlotUI.cpp">
      <Filter>Source Files\Graphics\UI\EqSlotUI</Filter>
    </ClCompile>
    <ClCompile Include="MultipleEqSlotUI.cpp">
      <Filter>Source Files\Graphics\UI\EqSlotUI</Filter>
    </ClCompile>
  </ItemGroup>
  <ItemGroup>
    <ClInclude Include="ValuesRange.h">
      <Filter>Header Files\Utility</Filter>
    </ClInclude>
    <ClInclude Include="AbstractTimer.h">
      <Filter>Header Files\Utility\Time</Filter>
    </ClInclude>
    <ClInclude Include="GeneralTimer.h">
      <Filter>Header Files\Utility\Time</Filter>
    </ClInclude>
    <ClInclude Include="SubTimer.h">
      <Filter>Header Files\Utility\Time</Filter>
    </ClInclude>
    <ClInclude Include="Time.h">
      <Filter>Header Files\Utility\Time</Filter>
    </ClInclude>
    <ClInclude Include="Position.h">
      <Filter>Header Files\Utility</Filter>
    </ClInclude>
    <ClInclude Include="Logger.h">
      <Filter>Header Files\Utility</Filter>
    </ClInclude>
    <ClInclude Include="MapTile.h">
      <Filter>Header Files\GameLogic\Map</Filter>
    </ClInclude>
    <ClInclude Include="MapTileEnums.h">
      <Filter>Header Files\GameLogic\Map</Filter>
    </ClInclude>
    <ClInclude Include="Cuboid.h">
      <Filter>Header Files\Utility\Geometry</Filter>
    </ClInclude>
    <ClInclude Include="LineSegment.h">
      <Filter>Header Files\Utility\Geometry</Filter>
    </ClInclude>
    <ClInclude Include="AbstractGeometryFigure.h">
      <Filter>Header Files\Utility\Geometry</Filter>
    </ClInclude>
    <ClInclude Include="Rotation.h">
      <Filter>Header Files\Utility\Geometry</Filter>
    </ClInclude>
    <ClInclude Include="Map.h">
      <Filter>Header Files\GameLogic\Map</Filter>
    </ClInclude>
    <ClInclude Include="MapTypes.h">
      <Filter>Header Files\GameLogic\Map</Filter>
    </ClInclude>
    <ClInclude Include="LandscapeTypes.h">
      <Filter>Header Files\GameLogic\Map</Filter>
    </ClInclude>
    <ClInclude Include="Coordinates.h">
      <Filter>Header Files\GameLogic\Map</Filter>
    </ClInclude>
    <ClInclude Include="Directions.h">
      <Filter>Header Files\Utility</Filter>
    </ClInclude>
    <ClInclude Include="Calculator.h">
      <Filter>Header Files\Utility</Filter>
    </ClInclude>
    <ClInclude Include="FileModesTypes.h">
      <Filter>Header Files\Utility\FileHandler</Filter>
    </ClInclude>
    <ClInclude Include="FileHandler.h">
      <Filter>Header Files\Utility\FileHandler</Filter>
    </ClInclude>
    <ClInclude Include="AbstractMapGenerator.h">
      <Filter>Header Files\GameLogic\Map\Generators</Filter>
    </ClInclude>
    <ClInclude Include="GrasslandsGenerator.h">
      <Filter>Header Files\GameLogic\Map\Generators</Filter>
    </ClInclude>
    <ClInclude Include="MapFileHandler.h">
      <Filter>Header Files\GameLogic\Map</Filter>
    </ClInclude>
    <ClInclude Include="AbstractMapElement.h">
      <Filter>Header Files\GameLogic\Map\MapElements</Filter>
    </ClInclude>
    <ClInclude Include="Foreground.h">
      <Filter>Header Files\GameLogic\Map\MapElements</Filter>
    </ClInclude>
    <ClInclude Include="Background.h">
      <Filter>Header Files\GameLogic\Map\MapElements</Filter>
    </ClInclude>
    <ClInclude Include="Terrain.h">
      <Filter>Header Files\GameLogic\Map\MapElements</Filter>
    </ClInclude>
    <ClInclude Include="Wall.h">
      <Filter>Header Files\GameLogic\Map\MapElements</Filter>
    </ClInclude>
    <ClInclude Include="MapElementsHandler.h">
      <Filter>Header Files\GameLogic\Map\MapElements</Filter>
    </ClInclude>
    <ClInclude Include="MapElementsFileHandler.h">
      <Filter>Header Files\GameLogic\Map\MapElements</Filter>
    </ClInclude>
    <ClInclude Include="AbstractNPC.h">
      <Filter>Header Files\GameLogic\NPC</Filter>
    </ClInclude>
    <ClInclude Include="AbstractEffect.h">
      <Filter>Header Files\GameLogic\Damage &amp; Effects\Effects</Filter>
    </ClInclude>
    <ClInclude Include="Lifesteal.h">
      <Filter>Header Files\GameLogic\Damage &amp; Effects\Damage</Filter>
    </ClInclude>
    <ClInclude Include="Damage.h">
      <Filter>Header Files\GameLogic\Damage &amp; Effects\Damage</Filter>
    </ClInclude>
    <ClInclude Include="DamageTypes.h">
      <Filter>Header Files\GameLogic\Damage &amp; Effects\Damage</Filter>
    </ClInclude>
    <ClInclude Include="DamageEffect.h">
      <Filter>Header Files\GameLogic\Damage &amp; Effects\Effects</Filter>
    </ClInclude>
    <ClInclude Include="NPC_AttributeTypes.h">
      <Filter>Header Files\GameLogic\NPC</Filter>
    </ClInclude>
    <ClInclude Include="StatChangingEffect.h">
      <Filter>Header Files\GameLogic\Damage &amp; Effects\Effects</Filter>
    </ClInclude>
    <ClInclude Include="ModifiersTypes.h">
      <Filter>Header Files\GameLogic\Items</Filter>
    </ClInclude>
    <ClInclude Include="ModifiersHandler.h">
      <Filter>Header Files\GameLogic\Items</Filter>
    </ClInclude>
    <ClInclude Include="AbstractBaseItem.h">
      <Filter>Header Files\GameLogic\Items\BaseItems</Filter>
    </ClInclude>
    <ClInclude Include="ItemTypes.h">
      <Filter>Header Files\GameLogic\Items</Filter>
    </ClInclude>
    <ClInclude Include="AbstractBaseGearItem.h">
      <Filter>Header Files\GameLogic\Items\BaseItems</Filter>
    </ClInclude>
    <ClInclude Include="AbstractBaseWeapon.h">
      <Filter>Header Files\GameLogic\Items\BaseItems</Filter>
    </ClInclude>
    <ClInclude Include="BaseMeleeWeapon.h">
      <Filter>Header Files\GameLogic\Items\BaseItems</Filter>
    </ClInclude>
    <ClInclude Include="BaseRangedWeapon.h">
      <Filter>Header Files\GameLogic\Items\BaseItems</Filter>
    </ClInclude>
    <ClInclude Include="BaseShield.h">
      <Filter>Header Files\GameLogic\Items\BaseItems</Filter>
    </ClInclude>
    <ClInclude Include="BaseArmor.h">
      <Filter>Header Files\GameLogic\Items\BaseItems</Filter>
    </ClInclude>
    <ClInclude Include="BaseFood.h">
      <Filter>Header Files\GameLogic\Items\BaseItems</Filter>
    </ClInclude>
    <ClInclude Include="BaseArrow.h">
      <Filter>Header Files\GameLogic\Items\BaseItems</Filter>
    </ClInclude>
    <ClInclude Include="BaseMisc.h">
      <Filter>Header Files\GameLogic\Items\BaseItems</Filter>
    </ClInclude>
    <ClInclude Include="BaseReadable.h">
      <Filter>Header Files\GameLogic\Items\BaseItems</Filter>
    </ClInclude>
    <ClInclude Include="Shield.h">
      <Filter>Header Files\GameLogic\Items\NormalItems</Filter>
    </ClInclude>
    <ClInclude Include="AbstractItem.h">
      <Filter>Header Files\GameLogic\Items\NormalItems</Filter>
    </ClInclude>
    <ClInclude Include="AbstractGearItem.h">
      <Filter>Header Files\GameLogic\Items\NormalItems</Filter>
    </ClInclude>
    <ClInclude Include="ShieldTypes.h">
      <Filter>Header Files\GameLogic\Items</Filter>
    </ClInclude>
    <ClInclude Include="AbstractWeapon.h">
      <Filter>Header Files\GameLogic\Items\NormalItems</Filter>
    </ClInclude>
    <ClInclude Include="Armor.h">
      <Filter>Header Files\GameLogic\Items\NormalItems</Filter>
    </ClInclude>
    <ClInclude Include="Arrow.h">
      <Filter>Header Files\GameLogic\Items\NormalItems</Filter>
    </ClInclude>
    <ClInclude Include="Food.h">
      <Filter>Header Files\GameLogic\Items\NormalItems</Filter>
    </ClInclude>
    <ClInclude Include="MeleeWeapon.h">
      <Filter>Header Files\GameLogic\Items\NormalItems</Filter>
    </ClInclude>
    <ClInclude Include="Misc.h">
      <Filter>Header Files\GameLogic\Items\NormalItems</Filter>
    </ClInclude>
    <ClInclude Include="RangedWeapon.h">
      <Filter>Header Files\GameLogic\Items\NormalItems</Filter>
    </ClInclude>
    <ClInclude Include="Readable.h">
      <Filter>Header Files\GameLogic\Items\NormalItems</Filter>
    </ClInclude>
    <ClInclude Include="MeleeWeaponTypes.h">
      <Filter>Header Files\GameLogic\Items</Filter>
    </ClInclude>
    <ClInclude Include="ArmorTypes.h">
      <Filter>Header Files\GameLogic\Items</Filter>
    </ClInclude>
    <ClInclude Include="ArrowTypes.h">
      <Filter>Header Files\GameLogic\Items</Filter>
    </ClInclude>
    <ClInclude Include="FoodTypes.h">
      <Filter>Header Files\GameLogic\Items</Filter>
    </ClInclude>
    <ClInclude Include="MiscTypes.h">
      <Filter>Header Files\GameLogic\Items</Filter>
    </ClInclude>
    <ClInclude Include="BaseItemFileHandler.h">
      <Filter>Header Files\GameLogic\Items\BaseItems</Filter>
    </ClInclude>
    <ClInclude Include="BaseItemHandler.h">
      <Filter>Header Files\GameLogic\Items\BaseItems</Filter>
    </ClInclude>
    <ClInclude Include="BaseItems.h">
      <Filter>Header Files\GameLogic\Items</Filter>
    </ClInclude>
    <ClInclude Include="NormalItems.h">
      <Filter>Header Files\GameLogic\Items</Filter>
    </ClInclude>
    <ClInclude Include="RangedWeaponTypes.h">
      <Filter>Header Files\GameLogic\Items</Filter>
    </ClInclude>
    <ClInclude Include="EffectsHandler.h">
      <Filter>Header Files\GameLogic\Damage &amp; Effects\Effects</Filter>
    </ClInclude>
    <ClInclude Include="EffectTypes.h">
      <Filter>Header Files\GameLogic\Damage &amp; Effects\Effects</Filter>
    </ClInclude>
    <ClInclude Include="EffectsFileHandler.h">
      <Filter>Header Files\GameLogic\Damage &amp; Effects\Effects</Filter>
    </ClInclude>
    <ClInclude Include="Effects.h">
      <Filter>Source Files\GameLogic\Damage &amp; Effects\Effects</Filter>
    </ClInclude>
    <ClInclude Include="AbstractSpellModifier.h">
      <Filter>Header Files\GameLogic\Spells\Modifiers</Filter>
    </ClInclude>
    <ClInclude Include="SpellModifiersTypes.h">
      <Filter>Header Files\GameLogic\Spells\Modifiers</Filter>
    </ClInclude>
    <ClInclude Include="ExplosionSpellModifer.h">
      <Filter>Header Files\GameLogic\Spells\Modifiers</Filter>
    </ClInclude>
    <ClInclude Include="AbstractSpell.h">
      <Filter>Header Files\GameLogic\Spells</Filter>
    </ClInclude>
    <ClInclude Include="ThrownSpell.h">
      <Filter>Header Files\GameLogic\Spells</Filter>
    </ClInclude>
    <ClInclude Include="PointSpell.h">
      <Filter>Header Files\GameLogic\Spells</Filter>
    </ClInclude>
    <ClInclude Include="SelfSpell.h">
      <Filter>Header Files\GameLogic\Spells</Filter>
    </ClInclude>
    <ClInclude Include="NPCTypes.h">
      <Filter>Header Files\GameLogic\NPC</Filter>
    </ClInclude>
    <ClInclude Include="SpawningDetails.h">
      <Filter>Header Files\GameLogic\Items</Filter>
    </ClInclude>
    <ClInclude Include="ItemSpawner.h">
      <Filter>Header Files\GameLogic\Map</Filter>
    </ClInclude>
    <ClInclude Include="AbstractEntityFileLoader.h">
      <Filter>Header Files\Utility</Filter>
    </ClInclude>
    <ClInclude Include="Board.h">
      <Filter>Header Files\GameLogic\Board</Filter>
    </ClInclude>
    <ClInclude Include="Texture.h">
      <Filter>Header Files\Graphics</Filter>
    </ClInclude>
    <ClInclude Include="TextureLoader.h">
      <Filter>Header Files\Graphics</Filter>
    </ClInclude>
    <ClInclude Include="BoardRenderer.h">
      <Filter>Header Files\Graphics</Filter>
    </ClInclude>
    <ClInclude Include="DrawableBoardEntity.h">
      <Filter>Header Files\Graphics</Filter>
    </ClInclude>
    <ClInclude Include="Drawable.h">
      <Filter>Header Files\Graphics</Filter>
    </ClInclude>
    <ClInclude Include="MapElementsTypes.h">
      <Filter>Header Files\GameLogic\Map</Filter>
    </ClInclude>
    <ClInclude Include="Window.h">
      <Filter>Header Files\Graphics</Filter>
    </ClInclude>
    <ClInclude Include="BoardLoop.h">
      <Filter>Header Files\GameControl</Filter>
    </ClInclude>
    <ClInclude Include="InputConfig.h">
      <Filter>Header Files\GameControl</Filter>
    </ClInclude>
    <ClInclude Include="PlayerActionTypes.h">
      <Filter>Header Files\GameControl</Filter>
    </ClInclude>
    <ClInclude Include="NPCObserver.h">
      <Filter>Header Files\GameLogic\NPC</Filter>
    </ClInclude>
    <ClInclude Include="DrawableEntityObserver.h">
      <Filter>Header Files\Graphics</Filter>
    </ClInclude>
    <ClInclude Include="Player.h">
      <Filter>Header Files\GameLogic\NPC</Filter>
    </ClInclude>
    <ClInclude Include="Camera.h">
      <Filter>Header Files\Graphics</Filter>
    </ClInclude>
    <ClInclude Include="ReadableTypes.h">
      <Filter>Header Files\GameLogic\Items</Filter>
    </ClInclude>
    <ClInclude Include="FlightPath.h">
      <Filter>Header Files\Utility\FlightPath&amp;Modifiers</Filter>
    </ClInclude>
    <ClInclude Include="AbstractProjectile.h">
      <Filter>Header Files\GameLogic\Projectiles</Filter>
    </ClInclude>
    <ClInclude Include="ArrowProjectile.h">
      <Filter>Header Files\GameLogic\Projectiles</Filter>
    </ClInclude>
    <ClInclude Include="SpellProjectile.h">
      <Filter>Header Files\GameLogic\Projectiles</Filter>
    </ClInclude>
    <ClInclude Include="ProjectilesEngine.h">
      <Filter>Header Files\GameLogic\Projectiles</Filter>
    </ClInclude>
    <ClInclude Include="Hitbox.h">
      <Filter>Header Files\GameLogic\Hitboxes</Filter>
    </ClInclude>
    <ClInclude Include="HittableEntityTypes.h">
      <Filter>Header Files\GameLogic\Hitboxes</Filter>
    </ClInclude>
    <ClInclude Include="NPCHitbox.h">
      <Filter>Header Files\GameLogic\Hitboxes</Filter>
    </ClInclude>
    <ClInclude Include="HittableBoardEntity.h">
      <Filter>Header Files\GameLogic\Hitboxes</Filter>
    </ClInclude>
    <ClInclude Include="HittableEntityObserver.h">
      <Filter>Header Files\GameLogic\Hitboxes</Filter>
    </ClInclude>
    <ClInclude Include="FigureTypes.h">
      <Filter>Header Files\Utility\Geometry</Filter>
    </ClInclude>
    <ClInclude Include="BoardTile.h">
      <Filter>Header Files\GameLogic\Board</Filter>
    </ClInclude>
    <ClInclude Include="Inventory.h">
      <Filter>Header Files\GameLogic\NPC\Equipment</Filter>
    </ClInclude>
    <ClInclude Include="EqSlotTypes.h">
      <Filter>Header Files\GameLogic\NPC\Equipment</Filter>
    </ClInclude>
    <ClInclude Include="AbstractEqSlot.h">
      <Filter>Header Files\GameLogic\NPC\Equipment\EqSlots</Filter>
    </ClInclude>
    <ClInclude Include="SingleEqSlot.h">
      <Filter>Header Files\GameLogic\NPC\Equipment\EqSlots</Filter>
    </ClInclude>
    <ClInclude Include="MultipleEqSlot.h">
      <Filter>Header Files\GameLogic\NPC\Equipment\EqSlots</Filter>
    </ClInclude>
    <ClInclude Include="QuiverEqSlot.h">
      <Filter>Header Files\GameLogic\NPC\Equipment\EqSlots</Filter>
    </ClInclude>
    <ClInclude Include="Dropslots.h">
      <Filter>Header Files\GameLogic\NPC\Equipment\EqSlots</Filter>
    </ClInclude>
    <ClInclude Include="UIElement.h">
      <Filter>Header Files\Graphics\UI</Filter>
    </ClInclude>
    <ClInclude Include="InventoryUI.h">
      <Filter>Header Files\Graphics\UI</Filter>
    </ClInclude>
    <ClInclude Include="Rect.h">
      <Filter>Header Files\Utility\Geometry</Filter>
    </ClInclude>
    <ClInclude Include="MouseButtonTypes.h">
      <Filter>Header Files\GameControl</Filter>
    </ClInclude>
    <ClInclude Include="ButtonUI.h">
      <Filter>Header Files\Graphics\UI</Filter>
    </ClInclude>
    <ClInclude Include="InventoryButtonUI.h">
      <Filter>Header Files\Graphics\UI</Filter>
    </ClInclude>
    <ClInclude Include="InventoryInputHandler.h">
      <Filter>Header Files\GameControl</Filter>
    </ClInclude>
    <ClInclude Include="MouseButtonStateTypes.h">
      <Filter>Header Files\GameControl</Filter>
    </ClInclude>
    <ClInclude Include="AbstractEqSlotUIElement.h">
      <Filter>Header Files\Graphics\UI\EqSlotUI</Filter>
    </ClInclude>
    <ClInclude Include="SingleEqSlotUI.h">
      <Filter>Header Files\Graphics\UI\EqSlotUI</Filter>
    </ClInclude>
    <ClInclude Include="MultipleEqSlotUI.h">
      <Filter>Header Files\Graphics\UI\EqSlotUI</Filter>
    </ClInclude>
    <ClInclude Include="FontTypes.h">
      <Filter>Header Files\Graphics</Filter>
    </ClInclude>
  </ItemGroup>
</Project>